
Microsoft Visual Studio Solution File, Format Version 9.00
# Visual C++ Express 2005
Project("{8BC9CEB8-8B4A-11D0-8D11-00A0C91BC942}") = "Applet", "Applet.vcproj", "{319F28B8-69E2-452D-AC84-ED2094F893F5}"
EndProject
Global
	GlobalSection(SolutionConfigurationPlatforms) = preSolution
		Debug|Win32 = Debug|Win32
		Debug64|Win32 = Debug64|Win32
		Release|Win32 = Release|Win32
		Release64|Win32 = Release64|Win32
	EndGlobalSection
	GlobalSection(ProjectConfigurationPlatforms) = postSolution
		{319F28B8-69E2-452D-AC84-ED2094F893F5}.Debug|Win32.ActiveCfg = Debug|Win32
		{319F28B8-69E2-452D-AC84-ED2094F893F5}.Debug|Win32.Build.0 = Debug|Win32
		{319F28B8-69E2-452D-AC84-ED2094F893F5}.Debug64|Win32.ActiveCfg = Debug64|Win32
		{319F28B8-69E2-452D-AC84-ED2094F893F5}.Debug64|Win32.Build.0 = Debug64|Win32
		{319F28B8-69E2-452D-AC84-ED2094F893F5}.Release|Win32.ActiveCfg = Release|Win32
		{319F28B8-69E2-452D-AC84-ED2094F893F5}.Release|Win32.Build.0 = Release|Win32
		{319F28B8-69E2-452D-AC84-ED2094F893F5}.Release64|Win32.ActiveCfg = Release64|Win32
		{319F28B8-69E2-452D-AC84-ED2094F893F5}.Release64|Win32.Build.0 = Release64|Win32
	EndGlobalSection
	GlobalSection(SolutionProperties) = preSolution
		HideSolutionNode = FALSE
	EndGlobalSection
EndGlobal
